{
  "name": "ohtask",
  "version": "0.1.0-alpha.0",
  "lockfileVersion": 3,
  "requires": true,
  "packages": {
    "": {
      "name": "ohtask",
      "version": "0.1.0-alpha.0",
      "license": "MIT",
      "dependencies": {
        "@aidejs/core": "^0.1.0-alpha.0",
        "@aidejs/tools": "^0.1.0-alpha.0",
        "oipage": "^2.0.0"
      },
      "bin": {
        "ohtask": "bin/run"
      }
    },
    "node_modules/@aidejs/core": {
      "version": "0.1.0-alpha.0",
      "resolved": "https://registry.npmjs.org/@aidejs/core/-/core-0.1.0-alpha.0.tgz",
      "integrity": "sha512-OOlq15v2VF6FrfLjq8MoDHO+2oqRYNWfmK6o+12JmFF12W+WpU3TUPgaOHDOaadz8gpC7sOVxXGIBOPJ31fj6g==",
      "license": "MIT",
      "dependencies": {
        "oipage": "^2.0.0"
      }
    },
    "node_modules/@aidejs/tools": {
      "version": "0.1.0-alpha.0",
      "resolved": "https://registry.npmjs.org/@aidejs/tools/-/tools-0.1.0-alpha.0.tgz",
      "integrity": "sha512-3lHrjnDq40+t3jq4UFHGlW6RJS7XppI4Usyu2SYWISRIHJpcCTqTw5ur0dwEugS/g88ZryIEWCbDwtj825KyBQ==",
      "license": "MIT",
      "dependencies": {
        "oipage": "^2.0.0"
      }
    },
    "node_modules/oipage": {
      "version": "2.0.0",
      "resolved": "https://registry.npmjs.org/oipage/-/oipage-2.0.0.tgz",
      "integrity": "sha512-RoIEZ1seOgIpM7o7nhLnCnTOTqKpsNclEwN4EA4HuIPZ6BcAciqiwHJt2egdJ24YeEMUP5cI8PkU4z1iwmXwEA==",
      "license": "MIT"
    }
  }
}
